
Microsoft Visual Studio Solution File, Format Version 12.00
# Visual Studio 15
VisualStudioVersion = 15.0.28307.168
MinimumVisualStudioVersion = 10.0.40219.1
Project("{FAE04EC0-301F-11D3-BF4B-00C04F79EFBC}") = "CursoLinQ", "CursoLinQ.csproj", "{AD1A1742-B69B-4D47-B036-C1A834C78549}"
EndProject
Global
	GlobalSection(SolutionConfigurationPlatforms) = preSolution
		Debug|Any CPU = Debug|Any CPU
		Release|Any CPU = Release|Any CPU
	EndGlobalSection
	GlobalSection(ProjectConfigurationPlatforms) = postSolution
		{AD1A1742-B69B-4D47-B036-C1A834C78549}.Debug|Any CPU.ActiveCfg = Debug|Any CPU
		{AD1A1742-B69B-4D47-B036-C1A834C78549}.Debug|Any CPU.Build.0 = Debug|Any CPU
		{AD1A1742-B69B-4D47-B036-C1A834C78549}.Release|Any CPU.ActiveCfg = Release|Any CPU
		{AD1A1742-B69B-4D47-B036-C1A834C78549}.Release|Any CPU.Build.0 = Release|Any CPU
	EndGlobalSection
	GlobalSection(SolutionProperties) = preSolution
		HideSolutionNode = FALSE
	EndGlobalSection
	GlobalSection(ExtensibilityGlobals) = postSolution
		SolutionGuid = {7D1568FB-5289-4F29-B553-A010C5561AA0}
	EndGlobalSection
EndGlobal
